
Microsoft Visual Studio Solution File, Format Version 12.00
# Visual Studio Version 16
VisualStudioVersion = 16.0.32602.291
MinimumVisualStudioVersion = 10.0.40219.1
Project("{FAE04EC0-301F-11D3-BF4B-00C04F79EFBC}") = "MyAtmApp", "MyAtmApp\MyAtmApp.csproj", "{E4152794-8A69-4D0D-B769-83D4121BDE53}"
EndProject
Global
	GlobalSection(SolutionConfigurationPlatforms) = preSolution
		Debug|Any CPU = Debug|Any CPU
		Release|Any CPU = Release|Any CPU
	EndGlobalSection
	GlobalSection(ProjectConfigurationPlatforms) = postSolution
		{E4152794-8A69-4D0D-B769-83D4121BDE53}.Debug|Any CPU.ActiveCfg = Debug|Any CPU
		{E4152794-8A69-4D0D-B769-83D4121BDE53}.Debug|Any CPU.Build.0 = Debug|Any CPU
		{E4152794-8A69-4D0D-B769-83D4121BDE53}.Release|Any CPU.ActiveCfg = Release|Any CPU
		{E4152794-8A69-4D0D-B769-83D4121BDE53}.Release|Any CPU.Build.0 = Release|Any CPU
	EndGlobalSection
	GlobalSection(SolutionProperties) = preSolution
		HideSolutionNode = FALSE
	EndGlobalSection
	GlobalSection(ExtensibilityGlobals) = postSolution
		SolutionGuid = {B0686184-1C9E-4EAC-BEAD-66D2D5B345F1}
	EndGlobalSection
EndGlobal
